// !$*UTF8*$!
{
	archiveVersion = 1;
	classes = {
	};
	objectVersion = 46;
	objects = {

/* Begin PBXBuildFile section */
		9254B7121E37E0DB0034F6D0 /* MainNavigationController.swift in Sources */ = {isa = PBXBuildFile; fileRef = 9254B7111E37E0DB0034F6D0 /* MainNavigationController.swift */; };
		9254B7151E37E1EF0034F6D0 /* FrontPageDataStore.swift in Sources */ = {isa = PBXBuildFile; fileRef = 9254B7141E37E1EF0034F6D0 /* FrontPageDataStore.swift */; };
		9254B7171E37E2780034F6D0 /* GigParse.swift in Sources */ = {isa = PBXBuildFile; fileRef = 9254B7161E37E2780034F6D0 /* GigParse.swift */; };
		9254B71A1E3940F70034F6D0 /* DetailViewController.swift in Sources */ = {isa = PBXBuildFile; fileRef = 9254B7191E3940F70034F6D0 /* DetailViewController.swift */; };
		9254B71C1E3942DB0034F6D0 /* DetailView.swift in Sources */ = {isa = PBXBuildFile; fileRef = 9254B71B1E3942DB0034F6D0 /* DetailView.swift */; };
		9254B71F1E396ADB0034F6D0 /* CustomScrollerView.swift in Sources */ = {isa = PBXBuildFile; fileRef = 9254B71E1E396ADB0034F6D0 /* CustomScrollerView.swift */; };
		925C5F0F1E25A53F00196504 /* AppDelegate.swift in Sources */ = {isa = PBXBuildFile; fileRef = 925C5F0E1E25A53F00196504 /* AppDelegate.swift */; };
		925C5F161E25A53F00196504 /* Assets.xcassets in Resources */ = {isa = PBXBuildFile; fileRef = 925C5F151E25A53F00196504 /* Assets.xcassets */; };
		925C5F191E25A53F00196504 /* LaunchScreen.storyboard in Resources */ = {isa = PBXBuildFile; fileRef = 925C5F171E25A53F00196504 /* LaunchScreen.storyboard */; };
		925C5F221E25AA1A00196504 /* WelcomeView.swift in Sources */ = {isa = PBXBuildFile; fileRef = 925C5F211E25AA1A00196504 /* WelcomeView.swift */; };
		925C5F241E25AA9C00196504 /* WelcomeViewController.swift in Sources */ = {isa = PBXBuildFile; fileRef = 925C5F231E25AA9C00196504 /* WelcomeViewController.swift */; };
		925C5F271E25BD4600196504 /* Structs.swift in Sources */ = {isa = PBXBuildFile; fileRef = 925C5F261E25BD4600196504 /* Structs.swift */; };
		9279DA1D1E3C339800E2CCA1 /* MessageMetrics.swift in Sources */ = {isa = PBXBuildFile; fileRef = 9279DA1C1E3C339800E2CCA1 /* MessageMetrics.swift */; };
		9279DA201E3C342000E2CCA1 /* DetailDataStore.swift in Sources */ = {isa = PBXBuildFile; fileRef = 9279DA1F1E3C342000E2CCA1 /* DetailDataStore.swift */; };
		9279DA231E3CE74D00E2CCA1 /* MainSearchView.swift in Sources */ = {isa = PBXBuildFile; fileRef = 9279DA221E3CE74D00E2CCA1 /* MainSearchView.swift */; };
		9279DA261E3D030A00E2CCA1 /* MainSearchViewController.swift in Sources */ = {isa = PBXBuildFile; fileRef = 9279DA251E3D030A00E2CCA1 /* MainSearchViewController.swift */; };
		927BE0AF1E26F4D400220168 /* Enviroment.swift in Sources */ = {isa = PBXBuildFile; fileRef = 927BE0AE1E26F4D400220168 /* Enviroment.swift */; };
		927BE0B11E26F4EA00220168 /* Configuration.swift in Sources */ = {isa = PBXBuildFile; fileRef = 927BE0B01E26F4EA00220168 /* Configuration.swift */; };
		92D12B9C1E28314F009AC99E /* WelcomeFormViewController.swift in Sources */ = {isa = PBXBuildFile; fileRef = 92D12B9B1E28314F009AC99E /* WelcomeFormViewController.swift */; };
		92D12B9E1E283165009AC99E /* WelcomeFormView.swift in Sources */ = {isa = PBXBuildFile; fileRef = 92D12B9D1E283165009AC99E /* WelcomeFormView.swift */; };
		92D12BA41E303B6D009AC99E /* LoginViewController.swift in Sources */ = {isa = PBXBuildFile; fileRef = 92D12BA31E303B6D009AC99E /* LoginViewController.swift */; };
		92D12BA71E3057B7009AC99E /* LogInDataStore.swift in Sources */ = {isa = PBXBuildFile; fileRef = 92D12BA61E3057B7009AC99E /* LogInDataStore.swift */; };
		92D12BAC1E30592D009AC99E /* User.swift in Sources */ = {isa = PBXBuildFile; fileRef = 92D12BAB1E30592D009AC99E /* User.swift */; };
		92D12BAF1E3060F1009AC99E /* SignUpViewController.swift in Sources */ = {isa = PBXBuildFile; fileRef = 92D12BAE1E3060F1009AC99E /* SignUpViewController.swift */; };
		92D12BB21E30632B009AC99E /* SignUpDataStore.swift in Sources */ = {isa = PBXBuildFile; fileRef = 92D12BB11E30632B009AC99E /* SignUpDataStore.swift */; };
		92D12BB41E3066BD009AC99E /* AdmissionFormViewController.swift in Sources */ = {isa = PBXBuildFile; fileRef = 92D12BB31E3066BD009AC99E /* AdmissionFormViewController.swift */; };
		92D12BB71E3069C1009AC99E /* WelcomeDataStore.swift in Sources */ = {isa = PBXBuildFile; fileRef = 92D12BB61E3069C1009AC99E /* WelcomeDataStore.swift */; };
		92DD8D291E295E8C009EB164 /* WelcomeNavigationController.swift in Sources */ = {isa = PBXBuildFile; fileRef = 92DD8D281E295E8C009EB164 /* WelcomeNavigationController.swift */; };
		92DD8D2D1E2D1F93009EB164 /* WelcomeInputAccessoryView.swift in Sources */ = {isa = PBXBuildFile; fileRef = 92DD8D2C1E2D1F93009EB164 /* WelcomeInputAccessoryView.swift */; };
		92DD8D301E350A28009EB164 /* FreelancersTableViewController.swift in Sources */ = {isa = PBXBuildFile; fileRef = 92DD8D2F1E350A28009EB164 /* FreelancersTableViewController.swift */; };
		92DD8D321E350B22009EB164 /* FrontPageViewController.swift in Sources */ = {isa = PBXBuildFile; fileRef = 92DD8D311E350B22009EB164 /* FrontPageViewController.swift */; };
		92DD8D341E350B43009EB164 /* FrontPageView.swift in Sources */ = {isa = PBXBuildFile; fileRef = 92DD8D331E350B43009EB164 /* FrontPageView.swift */; };
		92DD8D381E3534C4009EB164 /* FreelancersTableViewCell.swift in Sources */ = {isa = PBXBuildFile; fileRef = 92DD8D371E3534C4009EB164 /* FreelancersTableViewCell.swift */; };
		92DD8D3B1E358D2D009EB164 /* CircleView.swift in Sources */ = {isa = PBXBuildFile; fileRef = 92DD8D3A1E358D2D009EB164 /* CircleView.swift */; };
		92DD8D3D1E358D38009EB164 /* CircularImageView.swift in Sources */ = {isa = PBXBuildFile; fileRef = 92DD8D3C1E358D38009EB164 /* CircularImageView.swift */; };
		92DD8D401E358D8A009EB164 /* UIImageViewExtension.swift in Sources */ = {isa = PBXBuildFile; fileRef = 92DD8D3F1E358D8A009EB164 /* UIImageViewExtension.swift */; };
		92DD8D421E358DC8009EB164 /* Gig.swift in Sources */ = {isa = PBXBuildFile; fileRef = 92DD8D411E358DC8009EB164 /* Gig.swift */; };
		92DD8D441E358E9F009EB164 /* Person.swift in Sources */ = {isa = PBXBuildFile; fileRef = 92DD8D431E358E9F009EB164 /* Person.swift */; };
		9AA0CA93D77D1805959FB060 /* Pods_Food_For_All.framework in Frameworks */ = {isa = PBXBuildFile; fileRef = F40F2139F54393F1E8117908 /* Pods_Food_For_All.framework */; };
/* End PBXBuildFile section */

/* Begin PBXFileReference section */
		9254B7111E37E0DB0034F6D0 /* MainNavigationController.swift */ = {isa = PBXFileReference; fileEncoding = 4; lastKnownFileType = sourcecode.swift; path = MainNavigationController.swift; sourceTree = "<group>"; };
		9254B7141E37E1EF0034F6D0 /* FrontPageDataStore.swift */ = {isa = PBXFileReference; fileEncoding = 4; lastKnownFileType = sourcecode.swift; path = FrontPageDataStore.swift; sourceTree = "<group>"; };
		9254B7161E37E2780034F6D0 /* GigParse.swift */ = {isa = PBXFileReference; fileEncoding = 4; lastKnownFileType = sourcecode.swift; path = GigParse.swift; sourceTree = "<group>"; };
		9254B7191E3940F70034F6D0 /* DetailViewController.swift */ = {isa = PBXFileReference; fileEncoding = 4; lastKnownFileType = sourcecode.swift; path = DetailViewController.swift; sourceTree = "<group>"; };
		9254B71B1E3942DB0034F6D0 /* DetailView.swift */ = {isa = PBXFileReference; fileEncoding = 4; lastKnownFileType = sourcecode.swift; path = DetailView.swift; sourceTree = "<group>"; };
		9254B71E1E396ADB0034F6D0 /* CustomScrollerView.swift */ = {isa = PBXFileReference; fileEncoding = 4; lastKnownFileType = sourcecode.swift; path = CustomScrollerView.swift; sourceTree = "<group>"; };
		925C5F0B1E25A53F00196504 /* Food For All.app */ = {isa = PBXFileReference; explicitFileType = wrapper.application; includeInIndex = 0; path = "Food For All.app"; sourceTree = BUILT_PRODUCTS_DIR; };
		925C5F0E1E25A53F00196504 /* AppDelegate.swift */ = {isa = PBXFileReference; lastKnownFileType = sourcecode.swift; path = AppDelegate.swift; sourceTree = "<group>"; };
		925C5F151E25A53F00196504 /* Assets.xcassets */ = {isa = PBXFileReference; lastKnownFileType = folder.assetcatalog; name = Assets.xcassets; path = "Food For All/Assets.xcassets"; sourceTree = "<group>"; };
		925C5F181E25A53F00196504 /* Base */ = {isa = PBXFileReference; lastKnownFileType = file.storyboard; name = Base; path = Base.lproj/LaunchScreen.storyboard; sourceTree = "<group>"; };
		925C5F1A1E25A53F00196504 /* Info.plist */ = {isa = PBXFileReference; lastKnownFileType = text.plist.xml; path = Info.plist; sourceTree = "<group>"; };
		925C5F211E25AA1A00196504 /* WelcomeView.swift */ = {isa = PBXFileReference; fileEncoding = 4; lastKnownFileType = sourcecode.swift; path = WelcomeView.swift; sourceTree = "<group>"; };
		925C5F231E25AA9C00196504 /* WelcomeViewController.swift */ = {isa = PBXFileReference; fileEncoding = 4; lastKnownFileType = sourcecode.swift; path = WelcomeViewController.swift; sourceTree = "<group>"; };
		925C5F261E25BD4600196504 /* Structs.swift */ = {isa = PBXFileReference; fileEncoding = 4; lastKnownFileType = sourcecode.swift; path = Structs.swift; sourceTree = "<group>"; };
		9279DA1C1E3C339800E2CCA1 /* MessageMetrics.swift */ = {isa = PBXFileReference; fileEncoding = 4; lastKnownFileType = sourcecode.swift; path = MessageMetrics.swift; sourceTree = "<group>"; };
		9279DA1F1E3C342000E2CCA1 /* DetailDataStore.swift */ = {isa = PBXFileReference; fileEncoding = 4; lastKnownFileType = sourcecode.swift; path = DetailDataStore.swift; sourceTree = "<group>"; };
		9279DA221E3CE74D00E2CCA1 /* MainSearchView.swift */ = {isa = PBXFileReference; fileEncoding = 4; lastKnownFileType = sourcecode.swift; path = MainSearchView.swift; sourceTree = "<group>"; };
		9279DA251E3D030A00E2CCA1 /* MainSearchViewController.swift */ = {isa = PBXFileReference; fileEncoding = 4; lastKnownFileType = sourcecode.swift; path = MainSearchViewController.swift; sourceTree = "<group>"; };
		927BE0AE1E26F4D400220168 /* Enviroment.swift */ = {isa = PBXFileReference; fileEncoding = 4; lastKnownFileType = sourcecode.swift; path = Enviroment.swift; sourceTree = "<group>"; };
		927BE0B01E26F4EA00220168 /* Configuration.swift */ = {isa = PBXFileReference; fileEncoding = 4; lastKnownFileType = sourcecode.swift; path = Configuration.swift; sourceTree = "<group>"; };
		92D12B9B1E28314F009AC99E /* WelcomeFormViewController.swift */ = {isa = PBXFileReference; fileEncoding = 4; lastKnownFileType = sourcecode.swift; path = WelcomeFormViewController.swift; sourceTree = "<group>"; };
		92D12B9D1E283165009AC99E /* WelcomeFormView.swift */ = {isa = PBXFileReference; fileEncoding = 4; lastKnownFileType = sourcecode.swift; path = WelcomeFormView.swift; sourceTree = "<group>"; };
		92D12BA31E303B6D009AC99E /* LoginViewController.swift */ = {isa = PBXFileReference; fileEncoding = 4; lastKnownFileType = sourcecode.swift; path = LoginViewController.swift; sourceTree = "<group>"; };
		92D12BA61E3057B7009AC99E /* LogInDataStore.swift */ = {isa = PBXFileReference; fileEncoding = 4; lastKnownFileType = sourcecode.swift; path = LogInDataStore.swift; sourceTree = "<group>"; };
		92D12BAB1E30592D009AC99E /* User.swift */ = {isa = PBXFileReference; fileEncoding = 4; lastKnownFileType = sourcecode.swift; path = User.swift; sourceTree = "<group>"; };
		92D12BAE1E3060F1009AC99E /* SignUpViewController.swift */ = {isa = PBXFileReference; fileEncoding = 4; lastKnownFileType = sourcecode.swift; path = SignUpViewController.swift; sourceTree = "<group>"; };
		92D12BB11E30632B009AC99E /* SignUpDataStore.swift */ = {isa = PBXFileReference; fileEncoding = 4; lastKnownFileType = sourcecode.swift; path = SignUpDataStore.swift; sourceTree = "<group>"; };
		92D12BB31E3066BD009AC99E /* AdmissionFormViewController.swift */ = {isa = PBXFileReference; fileEncoding = 4; lastKnownFileType = sourcecode.swift; path = AdmissionFormViewController.swift; sourceTree = "<group>"; };
		92D12BB61E3069C1009AC99E /* WelcomeDataStore.swift */ = {isa = PBXFileReference; fileEncoding = 4; lastKnownFileType = sourcecode.swift; path = WelcomeDataStore.swift; sourceTree = "<group>"; };
		92DD8D281E295E8C009EB164 /* WelcomeNavigationController.swift */ = {isa = PBXFileReference; fileEncoding = 4; lastKnownFileType = sourcecode.swift; path = WelcomeNavigationController.swift; sourceTree = "<group>"; };
		92DD8D2C1E2D1F93009EB164 /* WelcomeInputAccessoryView.swift */ = {isa = PBXFileReference; fileEncoding = 4; lastKnownFileType = sourcecode.swift; path = WelcomeInputAccessoryView.swift; sourceTree = "<group>"; };
		92DD8D2F1E350A28009EB164 /* FreelancersTableViewController.swift */ = {isa = PBXFileReference; fileEncoding = 4; lastKnownFileType = sourcecode.swift; path = FreelancersTableViewController.swift; sourceTree = "<group>"; };
		92DD8D311E350B22009EB164 /* FrontPageViewController.swift */ = {isa = PBXFileReference; fileEncoding = 4; lastKnownFileType = sourcecode.swift; path = FrontPageViewController.swift; sourceTree = "<group>"; };
		92DD8D331E350B43009EB164 /* FrontPageView.swift */ = {isa = PBXFileReference; fileEncoding = 4; lastKnownFileType = sourcecode.swift; path = FrontPageView.swift; sourceTree = "<group>"; };
		92DD8D371E3534C4009EB164 /* FreelancersTableViewCell.swift */ = {isa = PBXFileReference; fileEncoding = 4; lastKnownFileType = sourcecode.swift; path = FreelancersTableViewCell.swift; sourceTree = "<group>"; };
		92DD8D3A1E358D2D009EB164 /* CircleView.swift */ = {isa = PBXFileReference; fileEncoding = 4; lastKnownFileType = sourcecode.swift; path = CircleView.swift; sourceTree = "<group>"; };
		92DD8D3C1E358D38009EB164 /* CircularImageView.swift */ = {isa = PBXFileReference; fileEncoding = 4; lastKnownFileType = sourcecode.swift; path = CircularImageView.swift; sourceTree = "<group>"; };
		92DD8D3F1E358D8A009EB164 /* UIImageViewExtension.swift */ = {isa = PBXFileReference; fileEncoding = 4; lastKnownFileType = sourcecode.swift; path = UIImageViewExtension.swift; sourceTree = "<group>"; };
		92DD8D411E358DC8009EB164 /* Gig.swift */ = {isa = PBXFileReference; fileEncoding = 4; lastKnownFileType = sourcecode.swift; path = Gig.swift; sourceTree = "<group>"; };
		92DD8D431E358E9F009EB164 /* Person.swift */ = {isa = PBXFileReference; fileEncoding = 4; lastKnownFileType = sourcecode.swift; path = Person.swift; sourceTree = "<group>"; };
		E086122F188E07595A06E562 /* Pods-Food For All.debug.xcconfig */ = {isa = PBXFileReference; includeInIndex = 1; lastKnownFileType = text.xcconfig; name = "Pods-Food For All.debug.xcconfig"; path = "Pods/Target Support Files/Pods-Food For All/Pods-Food For All.debug.xcconfig"; sourceTree = "<group>"; };
		F07CA4C10A4CDD588A31B1A4 /* Pods-Food For All.release.xcconfig */ = {isa = PBXFileReference; includeInIndex = 1; lastKnownFileType = text.xcconfig; name = "Pods-Food For All.release.xcconfig"; path = "Pods/Target Support Files/Pods-Food For All/Pods-Food For All.release.xcconfig"; sourceTree = "<group>"; };
		F40F2139F54393F1E8117908 /* Pods_Food_For_All.framework */ = {isa = PBXFileReference; explicitFileType = wrapper.framework; includeInIndex = 0; path = Pods_Food_For_All.framework; sourceTree = BUILT_PRODUCTS_DIR; };
		FBAAEA21BCEDAEB1FF959718 /* Pods-Food For All.debug (staging).xcconfig */ = {isa = PBXFileReference; includeInIndex = 1; lastKnownFileType = text.xcconfig; name = "Pods-Food For All.debug (staging).xcconfig"; path = "Pods/Target Support Files/Pods-Food For All/Pods-Food For All.debug (staging).xcconfig"; sourceTree = "<group>"; };
		FF8D642DCC671B8A96399856 /* Pods-Food For All.debug (production).xcconfig */ = {isa = PBXFileReference; includeInIndex = 1; lastKnownFileType = text.xcconfig; name = "Pods-Food For All.debug (production).xcconfig"; path = "Pods/Target Support Files/Pods-Food For All/Pods-Food For All.debug (production).xcconfig"; sourceTree = "<group>"; };
/* End PBXFileReference section */

/* Begin PBXFrameworksBuildPhase section */
		925C5F081E25A53E00196504 /* Frameworks */ = {
			isa = PBXFrameworksBuildPhase;
			buildActionMask = 2147483647;
			files = (
				9AA0CA93D77D1805959FB060 /* Pods_Food_For_All.framework in Frameworks */,
			);
			runOnlyForDeploymentPostprocessing = 0;
		};
/* End PBXFrameworksBuildPhase section */

/* Begin PBXGroup section */
		0B2CE589FC9A75040C12BEF2 /* Frameworks */ = {
			isa = PBXGroup;
			children = (
				F40F2139F54393F1E8117908 /* Pods_Food_For_All.framework */,
			);
			name = Frameworks;
			sourceTree = "<group>";
		};
		16FEE1F0702F453DDAEAA40C /* Pods */ = {
			isa = PBXGroup;
			children = (
				E086122F188E07595A06E562 /* Pods-Food For All.debug.xcconfig */,
				F07CA4C10A4CDD588A31B1A4 /* Pods-Food For All.release.xcconfig */,
				FBAAEA21BCEDAEB1FF959718 /* Pods-Food For All.debug (staging).xcconfig */,
				FF8D642DCC671B8A96399856 /* Pods-Food For All.debug (production).xcconfig */,
			);
			name = Pods;
			sourceTree = "<group>";
		};
		9254B7101E37E0B40034F6D0 /* Navigation */ = {
			isa = PBXGroup;
			children = (
				9254B7111E37E0DB0034F6D0 /* MainNavigationController.swift */,
			);
			name = Navigation;
			sourceTree = "<group>";
		};
		9254B7131E37E1D70034F6D0 /* Data Store */ = {
			isa = PBXGroup;
			children = (
				9254B7141E37E1EF0034F6D0 /* FrontPageDataStore.swift */,
			);
			name = "Data Store";
			sourceTree = "<group>";
		};
		9254B7181E39405B0034F6D0 /* Gig Detail */ = {
			isa = PBXGroup;
			children = (
				9279DA1E1E3C340B00E2CCA1 /* Data store */,
				9254B7191E3940F70034F6D0 /* DetailViewController.swift */,
				9254B71B1E3942DB0034F6D0 /* DetailView.swift */,
			);
			name = "Gig Detail";
			sourceTree = "<group>";
		};
		9254B71D1E396A7A0034F6D0 /* Scroll */ = {
			isa = PBXGroup;
			children = (
				9254B71E1E396ADB0034F6D0 /* CustomScrollerView.swift */,
			);
			name = Scroll;
			sourceTree = "<group>";
		};
		925C5F021E25A53E00196504 = {
			isa = PBXGroup;
			children = (
				925C5F0D1E25A53F00196504 /* Food For All */,
				925C5F151E25A53F00196504 /* Assets.xcassets */,
				925C5F171E25A53F00196504 /* LaunchScreen.storyboard */,
				925C5F0C1E25A53F00196504 /* Products */,
				16FEE1F0702F453DDAEAA40C /* Pods */,
				0B2CE589FC9A75040C12BEF2 /* Frameworks */,
			);
			sourceTree = "<group>";
		};
		925C5F0C1E25A53F00196504 /* Products */ = {
			isa = PBXGroup;
			children = (
				925C5F0B1E25A53F00196504 /* Food For All.app */,
			);
			name = Products;
			sourceTree = "<group>";
		};
		925C5F0D1E25A53F00196504 /* Food For All */ = {
			isa = PBXGroup;
			children = (
				925C5F201E25A55900196504 /* Login/SignUp */,
				92DD8D2E1E3509F8009EB164 /* Front Page */,
				92DD8D351E35348B009EB164 /* Freelancers TableView */,
				9254B7181E39405B0034F6D0 /* Gig Detail */,
				9279DA241E3D02D600E2CCA1 /* Search */,
				925C5F0E1E25A53F00196504 /* AppDelegate.swift */,
				925C5F1A1E25A53F00196504 /* Info.plist */,
				92D12BA81E3058DF009AC99E /* Models */,
				9254B7101E37E0B40034F6D0 /* Navigation */,
				925C5F251E25BD2900196504 /* Helpers */,
			);
			path = "Food For All";
			sourceTree = "<group>";
		};
		925C5F201E25A55900196504 /* Login/SignUp */ = {
			isa = PBXGroup;
			children = (
				92D12B991E282F3A009AC99E /* Welcome */,
				92DD8D2A1E295F19009EB164 /* Forms */,
				92D12BA21E303B4D009AC99E /* Login */,
				92D12BAD1E3060C9009AC99E /* Sign Up */,
				92DD8D281E295E8C009EB164 /* WelcomeNavigationController.swift */,
			);
			name = Login/SignUp;
			sourceTree = "<group>";
		};
		925C5F251E25BD2900196504 /* Helpers */ = {
			isa = PBXGroup;
			children = (
				9254B71D1E396A7A0034F6D0 /* Scroll */,
				92DD8D3E1E358D7B009EB164 /* Extensions */,
				92DD8D391E358D10009EB164 /* Circle Views */,
				927BE0AD1E26F4BF00220168 /* Configurations */,
				925C5F261E25BD4600196504 /* Structs.swift */,
			);
			name = Helpers;
			sourceTree = "<group>";
		};
		9279DA1E1E3C340B00E2CCA1 /* Data store */ = {
			isa = PBXGroup;
			children = (
				9279DA1F1E3C342000E2CCA1 /* DetailDataStore.swift */,
			);
			name = "Data store";
			sourceTree = "<group>";
		};
		9279DA211E3CE71000E2CCA1 /* Search Bar */ = {
			isa = PBXGroup;
			children = (
				9279DA221E3CE74D00E2CCA1 /* MainSearchView.swift */,
			);
			name = "Search Bar";
			sourceTree = "<group>";
		};
		9279DA241E3D02D600E2CCA1 /* Search */ = {
			isa = PBXGroup;
			children = (
				9279DA251E3D030A00E2CCA1 /* MainSearchViewController.swift */,
			);
			name = Search;
			sourceTree = "<group>";
		};
		927BE0AD1E26F4BF00220168 /* Configurations */ = {
			isa = PBXGroup;
			children = (
				927BE0AE1E26F4D400220168 /* Enviroment.swift */,
				927BE0B01E26F4EA00220168 /* Configuration.swift */,
			);
			name = Configurations;
			sourceTree = "<group>";
		};
		92D12B991E282F3A009AC99E /* Welcome */ = {
			isa = PBXGroup;
			children = (
				92D12BB51E3069B0009AC99E /* Data Store */,
				925C5F211E25AA1A00196504 /* WelcomeView.swift */,
				925C5F231E25AA9C00196504 /* WelcomeViewController.swift */,
			);
			name = Welcome;
			sourceTree = "<group>";
		};
		92D12BA21E303B4D009AC99E /* Login */ = {
			isa = PBXGroup;
			children = (
				92D12BA51E3057A5009AC99E /* Data Store */,
				92D12BA31E303B6D009AC99E /* LoginViewController.swift */,
			);
			name = Login;
			sourceTree = "<group>";
		};
		92D12BA51E3057A5009AC99E /* Data Store */ = {
			isa = PBXGroup;
			children = (
				92D12BA61E3057B7009AC99E /* LogInDataStore.swift */,
			);
			name = "Data Store";
			sourceTree = "<group>";
		};
		92D12BA81E3058DF009AC99E /* Models */ = {
			isa = PBXGroup;
			children = (
				92D12BAA1E3058EF009AC99E /* Database Models */,
				92D12BA91E3058E9009AC99E /* Internal Models */,
			);
			name = Models;
			sourceTree = "<group>";
		};
		92D12BA91E3058E9009AC99E /* Internal Models */ = {
			isa = PBXGroup;
			children = (
				92DD8D411E358DC8009EB164 /* Gig.swift */,
				92DD8D431E358E9F009EB164 /* Person.swift */,
			);
			name = "Internal Models";
			sourceTree = "<group>";
		};
		92D12BAA1E3058EF009AC99E /* Database Models */ = {
			isa = PBXGroup;
			children = (
				92D12BAB1E30592D009AC99E /* User.swift */,
				9254B7161E37E2780034F6D0 /* GigParse.swift */,
				9279DA1C1E3C339800E2CCA1 /* MessageMetrics.swift */,
			);
			name = "Database Models";
			sourceTree = "<group>";
		};
		92D12BAD1E3060C9009AC99E /* Sign Up */ = {
			isa = PBXGroup;
			children = (
				92D12BB01E30631E009AC99E /* Data Store */,
				92D12BAE1E3060F1009AC99E /* SignUpViewController.swift */,
			);
			name = "Sign Up";
			sourceTree = "<group>";
		};
		92D12BB01E30631E009AC99E /* Data Store */ = {
			isa = PBXGroup;
			children = (
				92D12BB11E30632B009AC99E /* SignUpDataStore.swift */,
			);
			name = "Data Store";
			sourceTree = "<group>";
		};
		92D12BB51E3069B0009AC99E /* Data Store */ = {
			isa = PBXGroup;
			children = (
				92D12BB61E3069C1009AC99E /* WelcomeDataStore.swift */,
			);
			name = "Data Store";
			sourceTree = "<group>";
		};
		92DD8D2A1E295F19009EB164 /* Forms */ = {
			isa = PBXGroup;
			children = (
				92DD8D2B1E2D1F5A009EB164 /* Subviews */,
				92D12B9B1E28314F009AC99E /* WelcomeFormViewController.swift */,
				92D12B9D1E283165009AC99E /* WelcomeFormView.swift */,
				92D12BB31E3066BD009AC99E /* AdmissionFormViewController.swift */,
			);
			name = Forms;
			sourceTree = "<group>";
		};
		92DD8D2B1E2D1F5A009EB164 /* Subviews */ = {
			isa = PBXGroup;
			children = (
				92DD8D2C1E2D1F93009EB164 /* WelcomeInputAccessoryView.swift */,
			);
			name = Subviews;
			sourceTree = "<group>";
		};
		92DD8D2E1E3509F8009EB164 /* Front Page */ = {
			isa = PBXGroup;
			children = (
				9254B7131E37E1D70034F6D0 /* Data Store */,
				9279DA211E3CE71000E2CCA1 /* Search Bar */,
				92DD8D311E350B22009EB164 /* FrontPageViewController.swift */,
				92DD8D331E350B43009EB164 /* FrontPageView.swift */,
			);
			name = "Front Page";
			sourceTree = "<group>";
		};
		92DD8D351E35348B009EB164 /* Freelancers TableView */ = {
			isa = PBXGroup;
			children = (
				92DD8D361E3534A5009EB164 /* Cell */,
				92DD8D2F1E350A28009EB164 /* FreelancersTableViewController.swift */,
			);
			name = "Freelancers TableView";
			sourceTree = "<group>";
		};
		92DD8D361E3534A5009EB164 /* Cell */ = {
			isa = PBXGroup;
			children = (
				92DD8D371E3534C4009EB164 /* FreelancersTableViewCell.swift */,
			);
			name = Cell;
			sourceTree = "<group>";
		};
		92DD8D391E358D10009EB164 /* Circle Views */ = {
			isa = PBXGroup;
			children = (
				92DD8D3C1E358D38009EB164 /* CircularImageView.swift */,
				92DD8D3A1E358D2D009EB164 /* CircleView.swift */,
			);
			name = "Circle Views";
			sourceTree = "<group>";
		};
		92DD8D3E1E358D7B009EB164 /* Extensions */ = {
			isa = PBXGroup;
			children = (
				92DD8D3F1E358D8A009EB164 /* UIImageViewExtension.swift */,
			);
			name = Extensions;
			sourceTree = "<group>";
		};
/* End PBXGroup section */

/* Begin PBXNativeTarget section */
		925C5F0A1E25A53E00196504 /* Food For All */ = {
			isa = PBXNativeTarget;
			buildConfigurationList = 925C5F1D1E25A53F00196504 /* Build configuration list for PBXNativeTarget "Food For All" */;
			buildPhases = (
				2AEFC51431862884F104C681 /* [CP] Check Pods Manifest.lock */,
				925C5F071E25A53E00196504 /* Sources */,
				925C5F081E25A53E00196504 /* Frameworks */,
				925C5F091E25A53E00196504 /* Resources */,
				114878958AA02FB9060412BA /* [CP] Embed Pods Frameworks */,
				3D562FC1822709F1F4E5D36D /* [CP] Copy Pods Resources */,
			);
			buildRules = (
			);
			dependencies = (
			);
			name = "Food For All";
			productName = "Food For All";
			productReference = 925C5F0B1E25A53F00196504 /* Food For All.app */;
			productType = "com.apple.product-type.application";
		};
/* End PBXNativeTarget section */

/* Begin PBXProject section */
		925C5F031E25A53E00196504 /* Project object */ = {
			isa = PBXProject;
			attributes = {
				LastSwiftUpdateCheck = 0820;
				LastUpgradeCheck = 0820;
				ORGANIZATIONNAME = Chong500Productions;
				TargetAttributes = {
					925C5F0A1E25A53E00196504 = {
						CreatedOnToolsVersion = 8.2.1;
						DevelopmentTeam = KNK3WJA66N;
						ProvisioningStyle = Manual;
					};
				};
			};
			buildConfigurationList = 925C5F061E25A53E00196504 /* Build configuration list for PBXProject "Food For All" */;
			compatibilityVersion = "Xcode 3.2";
			developmentRegion = English;
			hasScannedForEncodings = 0;
			knownRegions = (
				en,
				Base,
			);
			mainGroup = 925C5F021E25A53E00196504;
			productRefGroup = 925C5F0C1E25A53F00196504 /* Products */;
			projectDirPath = "";
			projectRoot = "";
			targets = (
				925C5F0A1E25A53E00196504 /* Food For All */,
			);
		};
/* End PBXProject section */

/* Begin PBXResourcesBuildPhase section */
		925C5F091E25A53E00196504 /* Resources */ = {
			isa = PBXResourcesBuildPhase;
			buildActionMask = 2147483647;
			files = (
				925C5F191E25A53F00196504 /* LaunchScreen.storyboard in Resources */,
				925C5F161E25A53F00196504 /* Assets.xcassets in Resources */,
			);
			runOnlyForDeploymentPostprocessing = 0;
		};
/* End PBXResourcesBuildPhase section */

/* Begin PBXShellScriptBuildPhase section */
		114878958AA02FB9060412BA /* [CP] Embed Pods Frameworks */ = {
			isa = PBXShellScriptBuildPhase;
			buildActionMask = 2147483647;
			files = (
			);
			inputPaths = (
			);
			name = "[CP] Embed Pods Frameworks";
			outputPaths = (
			);
			runOnlyForDeploymentPostprocessing = 0;
			shellPath = /bin/sh;
			shellScript = "\"${SRCROOT}/Pods/Target Support Files/Pods-Food For All/Pods-Food For All-frameworks.sh\"\n";
			showEnvVarsInLog = 0;
		};
		2AEFC51431862884F104C681 /* [CP] Check Pods Manifest.lock */ = {
			isa = PBXShellScriptBuildPhase;
			buildActionMask = 2147483647;
			files = (
			);
			inputPaths = (
			);
			name = "[CP] Check Pods Manifest.lock";
			outputPaths = (
			);
			runOnlyForDeploymentPostprocessing = 0;
			shellPath = /bin/sh;
			shellScript = "diff \"${PODS_ROOT}/../Podfile.lock\" \"${PODS_ROOT}/Manifest.lock\" > /dev/null\nif [ $? != 0 ] ; then\n    # print error to STDERR\n    echo \"error: The sandbox is not in sync with the Podfile.lock. Run 'pod install' or update your CocoaPods installation.\" >&2\n    exit 1\nfi\n";
			showEnvVarsInLog = 0;
		};
		3D562FC1822709F1F4E5D36D /* [CP] Copy Pods Resources */ = {
			isa = PBXShellScriptBuildPhase;
			buildActionMask = 2147483647;
			files = (
			);
			inputPaths = (
			);
			name = "[CP] Copy Pods Resources";
			outputPaths = (
			);
			runOnlyForDeploymentPostprocessing = 0;
			shellPath = /bin/sh;
			shellScript = "\"${SRCROOT}/Pods/Target Support Files/Pods-Food For All/Pods-Food For All-resources.sh\"\n";
			showEnvVarsInLog = 0;
		};
/* End PBXShellScriptBuildPhase section */

/* Begin PBXSourcesBuildPhase section */
		925C5F071E25A53E00196504 /* Sources */ = {
			isa = PBXSourcesBuildPhase;
			buildActionMask = 2147483647;
			files = (
				9254B7121E37E0DB0034F6D0 /* MainNavigationController.swift in Sources */,
				92DD8D381E3534C4009EB164 /* FreelancersTableViewCell.swift in Sources */,
				92D12BAC1E30592D009AC99E /* User.swift in Sources */,
				9254B7171E37E2780034F6D0 /* GigParse.swift in Sources */,
				92DD8D291E295E8C009EB164 /* WelcomeNavigationController.swift in Sources */,
				92D12BB41E3066BD009AC99E /* AdmissionFormViewController.swift in Sources */,
				927BE0B11E26F4EA00220168 /* Configuration.swift in Sources */,
				925C5F241E25AA9C00196504 /* WelcomeViewController.swift in Sources */,
				92DD8D3B1E358D2D009EB164 /* CircleView.swift in Sources */,
				925C5F271E25BD4600196504 /* Structs.swift in Sources */,
				92D12B9E1E283165009AC99E /* WelcomeFormView.swift in Sources */,
				9279DA261E3D030A00E2CCA1 /* MainSearchViewController.swift in Sources */,
				92DD8D421E358DC8009EB164 /* Gig.swift in Sources */,
				92DD8D441E358E9F009EB164 /* Person.swift in Sources */,
				9254B7151E37E1EF0034F6D0 /* FrontPageDataStore.swift in Sources */,
				9279DA231E3CE74D00E2CCA1 /* MainSearchView.swift in Sources */,
				9279DA1D1E3C339800E2CCA1 /* MessageMetrics.swift in Sources */,
				92D12BB21E30632B009AC99E /* SignUpDataStore.swift in Sources */,
				9279DA201E3C342000E2CCA1 /* DetailDataStore.swift in Sources */,
				9254B71F1E396ADB0034F6D0 /* CustomScrollerView.swift in Sources */,
				927BE0AF1E26F4D400220168 /* Enviroment.swift in Sources */,
				9254B71C1E3942DB0034F6D0 /* DetailView.swift in Sources */,
				925C5F221E25AA1A00196504 /* WelcomeView.swift in Sources */,
				92D12BAF1E3060F1009AC99E /* SignUpViewController.swift in Sources */,
				92D12BA71E3057B7009AC99E /* LogInDataStore.swift in Sources */,
				92DD8D401E358D8A009EB164 /* UIImageViewExtension.swift in Sources */,
				92DD8D2D1E2D1F93009EB164 /* WelcomeInputAccessoryView.swift in Sources */,
				92DD8D3D1E358D38009EB164 /* CircularImageView.swift in Sources */,
				92D12B9C1E28314F009AC99E /* WelcomeFormViewController.swift in Sources */,
				92DD8D301E350A28009EB164 /* FreelancersTableViewController.swift in Sources */,
				92D12BB71E3069C1009AC99E /* WelcomeDataStore.swift in Sources */,
				92DD8D321E350B22009EB164 /* FrontPageViewController.swift in Sources */,
				925C5F0F1E25A53F00196504 /* AppDelegate.swift in Sources */,
				9254B71A1E3940F70034F6D0 /* DetailViewController.swift in Sources */,
				92D12BA41E303B6D009AC99E /* LoginViewController.swift in Sources */,
				92DD8D341E350B43009EB164 /* FrontPageView.swift in Sources */,
			);
			runOnlyForDeploymentPostprocessing = 0;
		};
/* End PBXSourcesBuildPhase section */

/* Begin PBXVariantGroup section */
		925C5F171E25A53F00196504 /* LaunchScreen.storyboard */ = {
			isa = PBXVariantGroup;
			children = (
				925C5F181E25A53F00196504 /* Base */,
			);
			name = LaunchScreen.storyboard;
			path = "Food For All";
			sourceTree = "<group>";
		};
/* End PBXVariantGroup section */

/* Begin XCBuildConfiguration section */
		925C5F1B1E25A53F00196504 /* Debug (Staging) */ = {
			isa = XCBuildConfiguration;
			buildSettings = {
				ALWAYS_SEARCH_USER_PATHS = NO;
				CLANG_ANALYZER_NONNULL = YES;
				CLANG_CXX_LANGUAGE_STANDARD = "gnu++0x";
				CLANG_CXX_LIBRARY = "libc++";
				CLANG_ENABLE_MODULES = YES;
				CLANG_ENABLE_OBJC_ARC = YES;
				CLANG_WARN_BOOL_CONVERSION = YES;
				CLANG_WARN_CONSTANT_CONVERSION = YES;
				CLANG_WARN_DIRECT_OBJC_ISA_USAGE = YES_ERROR;
				CLANG_WARN_DOCUMENTATION_COMMENTS = YES;
				CLANG_WARN_EMPTY_BODY = YES;
				CLANG_WARN_ENUM_CONVERSION = YES;
				CLANG_WARN_INFINITE_RECURSION = YES;
				CLANG_WARN_INT_CONVERSION = YES;
				CLANG_WARN_OBJC_ROOT_CLASS = YES_ERROR;
				CLANG_WARN_SUSPICIOUS_MOVE = YES;
				CLANG_WARN_UNREACHABLE_CODE = YES;
				CLANG_WARN__DUPLICATE_METHOD_MATCH = YES;
				"CODE_SIGN_IDENTITY[sdk=iphoneos*]" = "iPhone Developer";
				COPY_PHASE_STRIP = NO;
				DEBUG_INFORMATION_FORMAT = dwarf;
				ENABLE_STRICT_OBJC_MSGSEND = YES;
				ENABLE_TESTABILITY = YES;
				GCC_C_LANGUAGE_STANDARD = gnu99;
				GCC_DYNAMIC_NO_PIC = NO;
				GCC_NO_COMMON_BLOCKS = YES;
				GCC_OPTIMIZATION_LEVEL = 0;
				GCC_PREPROCESSOR_DEFINITIONS = (
					"DEBUG=1",
					"$(inherited)",
				);
				GCC_WARN_64_TO_32_BIT_CONVERSION = YES;
				GCC_WARN_ABOUT_RETURN_TYPE = YES_ERROR;
				GCC_WARN_UNDECLARED_SELECTOR = YES;
				GCC_WARN_UNINITIALIZED_AUTOS = YES_AGGRESSIVE;
				GCC_WARN_UNUSED_FUNCTION = YES;
				GCC_WARN_UNUSED_VARIABLE = YES;
				IPHONEOS_DEPLOYMENT_TARGET = 9.0;
				MTL_ENABLE_DEBUG_INFO = YES;
				ONLY_ACTIVE_ARCH = YES;
				SDKROOT = iphoneos;
				SWIFT_ACTIVE_COMPILATION_CONDITIONS = DEBUG;
				SWIFT_OPTIMIZATION_LEVEL = "-Onone";
			};
			name = "Debug (Staging)";
		};
		925C5F1C1E25A53F00196504 /* Release */ = {
			isa = XCBuildConfiguration;
			buildSettings = {
				ALWAYS_SEARCH_USER_PATHS = NO;
				CLANG_ANALYZER_NONNULL = YES;
				CLANG_CXX_LANGUAGE_STANDARD = "gnu++0x";
				CLANG_CXX_LIBRARY = "libc++";
				CLANG_ENABLE_MODULES = YES;
				CLANG_ENABLE_OBJC_ARC = YES;
				CLANG_WARN_BOOL_CONVERSION = YES;
				CLANG_WARN_CONSTANT_CONVERSION = YES;
				CLANG_WARN_DIRECT_OBJC_ISA_USAGE = YES_ERROR;
				CLANG_WARN_DOCUMENTATION_COMMENTS = YES;
				CLANG_WARN_EMPTY_BODY = YES;
				CLANG_WARN_ENUM_CONVERSION = YES;
				CLANG_WARN_INFINITE_RECURSION = YES;
				CLANG_WARN_INT_CONVERSION = YES;
				CLANG_WARN_OBJC_ROOT_CLASS = YES_ERROR;
				CLANG_WARN_SUSPICIOUS_MOVE = YES;
				CLANG_WARN_UNREACHABLE_CODE = YES;
				CLANG_WARN__DUPLICATE_METHOD_MATCH = YES;
				"CODE_SIGN_IDENTITY[sdk=iphoneos*]" = "iPhone Developer";
				COPY_PHASE_STRIP = NO;
				DEBUG_INFORMATION_FORMAT = "dwarf-with-dsym";
				ENABLE_NS_ASSERTIONS = NO;
				ENABLE_STRICT_OBJC_MSGSEND = YES;
				GCC_C_LANGUAGE_STANDARD = gnu99;
				GCC_NO_COMMON_BLOCKS = YES;
				GCC_WARN_64_TO_32_BIT_CONVERSION = YES;
				GCC_WARN_ABOUT_RETURN_TYPE = YES_ERROR;
				GCC_WARN_UNDECLARED_SELECTOR = YES;
				GCC_WARN_UNINITIALIZED_AUTOS = YES_AGGRESSIVE;
				GCC_WARN_UNUSED_FUNCTION = YES;
				GCC_WARN_UNUSED_VARIABLE = YES;
				IPHONEOS_DEPLOYMENT_TARGET = 9.0;
				MTL_ENABLE_DEBUG_INFO = NO;
				SDKROOT = iphoneos;
				SWIFT_OPTIMIZATION_LEVEL = "-Owholemodule";
				VALIDATE_PRODUCT = YES;
			};
			name = Release;
		};
		925C5F1E1E25A53F00196504 /* Debug (Staging) */ = {
			isa = XCBuildConfiguration;
			baseConfigurationReference = FBAAEA21BCEDAEB1FF959718 /* Pods-Food For All.debug (staging).xcconfig */;
			buildSettings = {
				ALWAYS_EMBED_SWIFT_STANDARD_LIBRARIES = YES;
				ASSETCATALOG_COMPILER_APPICON_NAME = AppIcon;
				DEVELOPMENT_TEAM = KNK3WJA66N;
				INFOPLIST_FILE = "Food For All/Info.plist";
				LD_RUNPATH_SEARCH_PATHS = "$(inherited) @executable_path/Frameworks";
				PRODUCT_BUNDLE_IDENTIFIER = "dcj.Chong500Productions.Food-For-All";
				PRODUCT_NAME = "$(TARGET_NAME)";
				PROVISIONING_PROFILE = "2e35ae24-9764-4540-a9f6-6cad64584c8f";
				PROVISIONING_PROFILE_SPECIFIER = "FreedomLancers-Development";
				SWIFT_VERSION = 3.0;
			};
			name = "Debug (Staging)";
		};
		925C5F1F1E25A53F00196504 /* Release */ = {
			isa = XCBuildConfiguration;
			baseConfigurationReference = F07CA4C10A4CDD588A31B1A4 /* Pods-Food For All.release.xcconfig */;
			buildSettings = {
				ALWAYS_EMBED_SWIFT_STANDARD_LIBRARIES = YES;
				ASSETCATALOG_COMPILER_APPICON_NAME = AppIcon;
				CODE_SIGN_IDENTITY = "iPhone Distribution: Medici Holdings LLC (KNK3WJA66N)";
				DEVELOPMENT_TEAM = KNK3WJA66N;
				INFOPLIST_FILE = "Food For All/Info.plist";
				LD_RUNPATH_SEARCH_PATHS = "$(inherited) @executable_path/Frameworks";
				PRODUCT_BUNDLE_IDENTIFIER = "dcj.Chong500Productions.Food-For-All";
				PRODUCT_NAME = "$(TARGET_NAME)";
				PROVISIONING_PROFILE = "eb37e86a-ee72-48c8-baac-19abab27061a";
				PROVISIONING_PROFILE_SPECIFIER = "Freelancers Distrubution";
				SWIFT_VERSION = 3.0;
			};
			name = Release;
		};
		92D12B971E26F7AC009AC99E /* Debug (Production) */ = {
			isa = XCBuildConfiguration;
			buildSettings = {
				ALWAYS_SEARCH_USER_PATHS = NO;
				CLANG_ANALYZER_NONNULL = YES;
				CLANG_CXX_LANGUAGE_STANDARD = "gnu++0x";
				CLANG_CXX_LIBRARY = "libc++";
				CLANG_ENABLE_MODULES = YES;
				CLANG_ENABLE_OBJC_ARC = YES;
				CLANG_WARN_BOOL_CONVERSION = YES;
				CLANG_WARN_CONSTANT_CONVERSION = YES;
				CLANG_WARN_DIRECT_OBJC_ISA_USAGE = YES_ERROR;
				CLANG_WARN_DOCUMENTATION_COMMENTS = YES;
				CLANG_WARN_EMPTY_BODY = YES;
				CLANG_WARN_ENUM_CONVERSION = YES;
				CLANG_WARN_INFINITE_RECURSION = YES;
				CLANG_WARN_INT_CONVERSION = YES;
				CLANG_WARN_OBJC_ROOT_CLASS = YES_ERROR;
				CLANG_WARN_SUSPICIOUS_MOVE = YES;
				CLANG_WARN_UNREACHABLE_CODE = YES;
				CLANG_WARN__DUPLICATE_METHOD_MATCH = YES;
				"CODE_SIGN_IDENTITY[sdk=iphoneos*]" = "iPhone Developer";
				COPY_PHASE_STRIP = NO;
				DEBUG_INFORMATION_FORMAT = dwarf;
				ENABLE_STRICT_OBJC_MSGSEND = YES;
				ENABLE_TESTABILITY = YES;
				GCC_C_LANGUAGE_STANDARD = gnu99;
				GCC_DYNAMIC_NO_PIC = NO;
				GCC_NO_COMMON_BLOCKS = YES;
				GCC_OPTIMIZATION_LEVEL = 0;
				GCC_PREPROCESSOR_DEFINITIONS = (
					"DEBUG=1",
					"$(inherited)",
				);
				GCC_WARN_64_TO_32_BIT_CONVERSION = YES;
				GCC_WARN_ABOUT_RETURN_TYPE = YES_ERROR;
				GCC_WARN_UNDECLARED_SELECTOR = YES;
				GCC_WARN_UNINITIALIZED_AUTOS = YES_AGGRESSIVE;
				GCC_WARN_UNUSED_FUNCTION = YES;
				GCC_WARN_UNUSED_VARIABLE = YES;
				IPHONEOS_DEPLOYMENT_TARGET = 9.0;
				MTL_ENABLE_DEBUG_INFO = YES;
				ONLY_ACTIVE_ARCH = YES;
				SDKROOT = iphoneos;
				SWIFT_ACTIVE_COMPILATION_CONDITIONS = DEBUG;
				SWIFT_OPTIMIZATION_LEVEL = "-Onone";
			};
			name = "Debug (Production)";
		};
		92D12B981E26F7AC009AC99E /* Debug (Production) */ = {
			isa = XCBuildConfiguration;
			baseConfigurationReference = FF8D642DCC671B8A96399856 /* Pods-Food For All.debug (production).xcconfig */;
			buildSettings = {
				ALWAYS_EMBED_SWIFT_STANDARD_LIBRARIES = YES;
				ASSETCATALOG_COMPILER_APPICON_NAME = AppIcon;
				DEVELOPMENT_TEAM = KNK3WJA66N;
				INFOPLIST_FILE = "Food For All/Info.plist";
				LD_RUNPATH_SEARCH_PATHS = "$(inherited) @executable_path/Frameworks";
				PRODUCT_BUNDLE_IDENTIFIER = "dcj.Chong500Productions.Food-For-All";
				PRODUCT_NAME = "$(TARGET_NAME)";
				PROVISIONING_PROFILE = "2e35ae24-9764-4540-a9f6-6cad64584c8f";
				PROVISIONING_PROFILE_SPECIFIER = "FreedomLancers-Development";
				SWIFT_VERSION = 3.0;
			};
			name = "Debug (Production)";
		};
/* End XCBuildConfiguration section */

/* Begin XCConfigurationList section */
		925C5F061E25A53E00196504 /* Build configuration list for PBXProject "Food For All" */ = {
			isa = XCConfigurationList;
			buildConfigurations = (
				925C5F1B1E25A53F00196504 /* Debug (Staging) */,
				92D12B971E26F7AC009AC99E /* Debug (Production) */,
				925C5F1C1E25A53F00196504 /* Release */,
			);
			defaultConfigurationIsVisible = 0;
			defaultConfigurationName = Release;
		};
		925C5F1D1E25A53F00196504 /* Build configuration list for PBXNativeTarget "Food For All" */ = {
			isa = XCConfigurationList;
			buildConfigurations = (
				925C5F1E1E25A53F00196504 /* Debug (Staging) */,
				92D12B981E26F7AC009AC99E /* Debug (Production) */,
				925C5F1F1E25A53F00196504 /* Release */,
			);
			defaultConfigurationIsVisible = 0;
			defaultConfigurationName = Release;
		};
/* End XCConfigurationList section */
	};
	rootObject = 925C5F031E25A53E00196504 /* Project object */;
}
