PODS:
  - Alamofire (4.3.0)
  - AlamofireImage (3.2.0):
    - Alamofire (~> 4.1)
  - ALCameraViewController (1.2.7)
  - Bolts (1.8.4):
    - Bolts/AppLinks (= 1.8.4)
    - Bolts/Tasks (= 1.8.4)
  - Bolts/AppLinks (1.8.4):
    - Bolts/Tasks
  - Bolts/Tasks (1.8.4)
  - BRYXBanner (0.7.1)
  - CalendarLib (2.0):
    - OrderedDictionary (~> 1.2)
    - OSCache (~> 1.2)
  - Cosmos (8.0.2)
  - EZSwiftExtensions (1.7)
  - FBSDKCoreKit (4.16.1):
    - Bolts (~> 1.7)
  - FBSDKLoginKit (4.16.1):
    - FBSDKCoreKit
  - FLAnimatedImage (1.0.12)
  - Former (1.5.1)
  - Instabug (6.4.1)
  - MBProgressHUD (1.0.0)
  - NextGrowingTextView (0.8.5)
  - NYTPhotoViewer (1.1.0):
    - NYTPhotoViewer/AnimatedGifSupport (= 1.1.0)
    - NYTPhotoViewer/Core (= 1.1.0)
  - NYTPhotoViewer/AnimatedGifSupport (1.1.0):
    - FLAnimatedImage (~> 1.0.8)
    - NYTPhotoViewer/Core
  - NYTPhotoViewer/Core (1.1.0)
  - OrderedDictionary (1.4)
  - OSCache (1.2.1)
  - Parse (1.14.2):
    - Bolts/Tasks (~> 1.8)
  - ParseFacebookUtilsV4 (1.11.2):
    - Bolts/Tasks (>= 1.6)
    - FBSDKCoreKit (~> 4.16.1)
    - FBSDKLoginKit (~> 4.16.1)
    - FBSDKTVOSKit (~> 4.10)
    - Parse (~> 1.12)
  - ParseUI (1.2.0):
    - Bolts/Tasks (~> 1.3)
    - Parse (~> 1.9)
  - RAReorderableLayout (0.6.1)
  - SCLAlertView (0.7.0)
  - SnapKit (3.0.2)
  - SwiftyJSON (3.1.4)
  - TextFieldEffects (1.3.0)
  - Timepiece (1.1.0)
  - TTTAttributedLabel (2.0.0)

DEPENDENCIES:
  - Alamofire (~> 4.3)
  - AlamofireImage (~> 3.1)
  - ALCameraViewController
  - BRYXBanner
  - CalendarLib
  - Cosmos (~> 8.0)
  - EZSwiftExtensions
  - Former
  - Instabug
  - MBProgressHUD (~> 1.0.0)
  - NextGrowingTextView
  - NYTPhotoViewer (~> 1.1.0)
  - Parse
  - ParseFacebookUtilsV4 (from `https://github.com/white-rabbit-apps/ParseFacebookUtils-iOS.git`)
  - ParseUI
  - RAReorderableLayout
  - SCLAlertView
  - SnapKit (~> 3.0)
  - SwiftyJSON
  - TextFieldEffects
  - Timepiece
  - TTTAttributedLabel

EXTERNAL SOURCES:
  ParseFacebookUtilsV4:
    :git: https://github.com/white-rabbit-apps/ParseFacebookUtils-iOS.git

CHECKOUT OPTIONS:
  ParseFacebookUtilsV4:
    :commit: 2f4c455c5120188be79e8eb2618de1508144956d
    :git: https://github.com/white-rabbit-apps/ParseFacebookUtils-iOS.git

SPEC CHECKSUMS:
  Alamofire: 856a113053a7bc9cbe5d6367a555d773fc5cfef7
  AlamofireImage: 157ed682cc81d3b9db4fb90c1f12180ac552d93b
  ALCameraViewController: 4a513b8d5ecfdb3f34c50b1d469c373aae1ec7b4
  Bolts: 8a7995239dbe724f9cba2248b766d48b7ebdd322
  BRYXBanner: 34eabf9c6c009f187948ca78a4f3bba3767d0f04
  CalendarLib: 040a8a655376581d8dc7c3c63196ddcf5223f471
  Cosmos: 007c0b8e33a85e5363911bdd933571bbe221f7ef
  EZSwiftExtensions: 4afef248066a036903d8496bf07bc355b22ce766
  FBSDKCoreKit: 6feac4e8921ccd7afa83fb1df6291dc6eec42c7c
  FBSDKLoginKit: 469a56cebe2e1ed62b1621d0b155970fd6aac2d8
  FLAnimatedImage: 4a0b56255d9b05f18b6dd7ee06871be5d3b89e31
  Former: 0b48a812c0d93b092b908d1b0574d0fd95c6b6f9
  Instabug: f1e8ced2a08618b48aade3ec67b260f92d8fd8a6
  MBProgressHUD: 4890f671c94e8a0f3cf959aa731e9de2f036d71a
  NextGrowingTextView: 3cc930a03c5979071244af42bcc81360d7453323
  NYTPhotoViewer: e80e8767f3780d2df37c6f72cbab15d6c7232911
  OrderedDictionary: 138c8d2e358d3a0c9adda15c6c7db24e8e3b09e6
  OSCache: 826996b68e8542a8a3d8af1ab0a0fc3070d8f357
  Parse: 4335d65f40cb3d43190d723144bbe1afb9c38230
  ParseFacebookUtilsV4: 8ff88d57d9b1fc99d88e42c36958f98edeb06763
  ParseUI: af2eba584799da4a9fbdac0e178662d7438b502e
  RAReorderableLayout: 5b6b87dd4022ee1747fd475623b14f5df940f754
  SCLAlertView: 8a14ffc40590c619e183eed2298b854385f30be1
  SnapKit: 2e456761aa92d4d4067a7a5594c18769d451a8ad
  SwiftyJSON: c2842d878f95482ffceec5709abc3d05680c0220
  TextFieldEffects: ef594746f17997c813e07633f8ae5acaf9b04f27
  Timepiece: 4190a7bc5ae1c05c87531fd75b14e17d2a017902
  TTTAttributedLabel: 8cffe8e127e4e82ff3af1e5386d4cd0ad000b656

PODFILE CHECKSUM: ce2c17ed7e5c901c00f743ba4c791750383fabbf

COCOAPODS: 1.1.1
